// !$*UTF8*$!
{
	archiveVersion = 1;
	classes = {
	};
	objectVersion = 46;
	objects = {

/* Begin PBXBuildFile section */
		BADB40EF1ADB133A00B6748A /* main.m in Sources */ = {isa = PBXBuildFile; fileRef = BADB40EE1ADB133A00B6748A /* main.m */; };
		BADB40F21ADB133A00B6748A /* AppDelegate.m in Sources */ = {isa = PBXBuildFile; fileRef = BADB40F11ADB133A00B6748A /* AppDelegate.m */; };
		BADB40F41ADB133A00B6748A /* art.scnassets in Resources */ = {isa = PBXBuildFile; fileRef = BADB40F31ADB133A00B6748A /* art.scnassets */; };
		BADB40F71ADB133A00B6748A /* GameViewController.m in Sources */ = {isa = PBXBuildFile; fileRef = BADB40F61ADB133A00B6748A /* GameViewController.m */; };
		BADB40FA1ADB133A00B6748A /* Main.storyboard in Resources */ = {isa = PBXBuildFile; fileRef = BADB40F81ADB133A00B6748A /* Main.storyboard */; };
		BADB40FC1ADB133A00B6748A /* Images.xcassets in Resources */ = {isa = PBXBuildFile; fileRef = BADB40FB1ADB133A00B6748A /* Images.xcassets */; };
		BADB40FF1ADB133A00B6748A /* LaunchScreen.xib in Resources */ = {isa = PBXBuildFile; fileRef = BADB40FD1ADB133A00B6748A /* LaunchScreen.xib */; };
		BADB410B1ADB133B00B6748A /* SceneKitRopeTests.m in Sources */ = {isa = PBXBuildFile; fileRef = BADB410A1ADB133B00B6748A /* SceneKitRopeTests.m */; };
		BADB41161ADB135600B6748A /* ALRope.m in Sources */ = {isa = PBXBuildFile; fileRef = BADB41151ADB135600B6748A /* ALRope.m */; };
/* End PBXBuildFile section */

/* Begin PBXContainerItemProxy section */
		BADB41051ADB133B00B6748A /* PBXContainerItemProxy */ = {
			isa = PBXContainerItemProxy;
			containerPortal = BADB40E11ADB133A00B6748A /* Project object */;
			proxyType = 1;
			remoteGlobalIDString = BADB40E81ADB133A00B6748A;
			remoteInfo = SceneKitRope;
		};
/* End PBXContainerItemProxy section */

/* Begin PBXFileReference section */
		BADB40E91ADB133A00B6748A /* SceneKitRope.app */ = {isa = PBXFileReference; explicitFileType = wrapper.application; includeInIndex = 0; path = SceneKitRope.app; sourceTree = BUILT_PRODUCTS_DIR; };
		BADB40ED1ADB133A00B6748A /* Info.plist */ = {isa = PBXFileReference; lastKnownFileType = text.plist.xml; path = Info.plist; sourceTree = "<group>"; };
		BADB40EE1ADB133A00B6748A /* main.m */ = {isa = PBXFileReference; lastKnownFileType = sourcecode.c.objc; path = main.m; sourceTree = "<group>"; };
		BADB40F01ADB133A00B6748A /* AppDelegate.h */ = {isa = PBXFileReference; lastKnownFileType = sourcecode.c.h; path = AppDelegate.h; sourceTree = "<group>"; };
		BADB40F11ADB133A00B6748A /* AppDelegate.m */ = {isa = PBXFileReference; lastKnownFileType = sourcecode.c.objc; path = AppDelegate.m; sourceTree = "<group>"; };
		BADB40F31ADB133A00B6748A /* art.scnassets */ = {isa = PBXFileReference; lastKnownFileType = wrapper.scnassets; path = art.scnassets; sourceTree = "<group>"; };
		BADB40F51ADB133A00B6748A /* GameViewController.h */ = {isa = PBXFileReference; lastKnownFileType = sourcecode.c.h; path = GameViewController.h; sourceTree = "<group>"; };
		BADB40F61ADB133A00B6748A /* GameViewController.m */ = {isa = PBXFileReference; lastKnownFileType = sourcecode.c.objc; path = GameViewController.m; sourceTree = "<group>"; };
		BADB40F91ADB133A00B6748A /* Base */ = {isa = PBXFileReference; lastKnownFileType = file.storyboard; name = Base; path = Base.lproj/Main.storyboard; sourceTree = "<group>"; };
		BADB40FB1ADB133A00B6748A /* Images.xcassets */ = {isa = PBXFileReference; lastKnownFileType = folder.assetcatalog; path = Images.xcassets; sourceTree = "<group>"; };
		BADB40FE1ADB133A00B6748A /* Base */ = {isa = PBXFileReference; lastKnownFileType = file.xib; name = Base; path = Base.lproj/LaunchScreen.xib; sourceTree = "<group>"; };
		BADB41041ADB133B00B6748A /* SceneKitRopeTests.xctest */ = {isa = PBXFileReference; explicitFileType = wrapper.cfbundle; includeInIndex = 0; path = SceneKitRopeTests.xctest; sourceTree = BUILT_PRODUCTS_DIR; };
		BADB41091ADB133B00B6748A /* Info.plist */ = {isa = PBXFileReference; lastKnownFileType = text.plist.xml; path = Info.plist; sourceTree = "<group>"; };
		BADB410A1ADB133B00B6748A /* SceneKitRopeTests.m */ = {isa = PBXFileReference; lastKnownFileType = sourcecode.c.objc; path = SceneKitRopeTests.m; sourceTree = "<group>"; };
		BADB41141ADB135600B6748A /* ALRope.h */ = {isa = PBXFileReference; fileEncoding = 4; lastKnownFileType = sourcecode.c.h; path = ALRope.h; sourceTree = "<group>"; };
		BADB41151ADB135600B6748A /* ALRope.m */ = {isa = PBXFileReference; fileEncoding = 4; lastKnownFileType = sourcecode.c.objc; path = ALRope.m; sourceTree = "<group>"; };
/* End PBXFileReference section */

/* Begin PBXFrameworksBuildPhase section */
		BADB40E61ADB133A00B6748A /* Frameworks */ = {
			isa = PBXFrameworksBuildPhase;
			buildActionMask = 2147483647;
			files = (
			);
			runOnlyForDeploymentPostprocessing = 0;
		};
		BADB41011ADB133B00B6748A /* Frameworks */ = {
			isa = PBXFrameworksBuildPhase;
			buildActionMask = 2147483647;
			files = (
			);
			runOnlyForDeploymentPostprocessing = 0;
		};
/* End PBXFrameworksBuildPhase section */

/* Begin PBXGroup section */
		BADB40E01ADB133A00B6748A = {
			isa = PBXGroup;
			children = (
				BADB40EB1ADB133A00B6748A /* SceneKitRope */,
				BADB41071ADB133B00B6748A /* SceneKitRopeTests */,
				BADB40EA1ADB133A00B6748A /* Products */,
			);
			sourceTree = "<group>";
		};
		BADB40EA1ADB133A00B6748A /* Products */ = {
			isa = PBXGroup;
			children = (
				BADB40E91ADB133A00B6748A /* SceneKitRope.app */,
				BADB41041ADB133B00B6748A /* SceneKitRopeTests.xctest */,
			);
			name = Products;
			sourceTree = "<group>";
		};
		BADB40EB1ADB133A00B6748A /* SceneKitRope */ = {
			isa = PBXGroup;
			children = (
				BADB41141ADB135600B6748A /* ALRope.h */,
				BADB41151ADB135600B6748A /* ALRope.m */,
				BADB40F01ADB133A00B6748A /* AppDelegate.h */,
				BADB40F11ADB133A00B6748A /* AppDelegate.m */,
				BADB40F31ADB133A00B6748A /* art.scnassets */,
				BADB40F51ADB133A00B6748A /* GameViewController.h */,
				BADB40F61ADB133A00B6748A /* GameViewController.m */,
				BADB40F81ADB133A00B6748A /* Main.storyboard */,
				BADB40FB1ADB133A00B6748A /* Images.xcassets */,
				BADB40FD1ADB133A00B6748A /* LaunchScreen.xib */,
				BADB40EC1ADB133A00B6748A /* Supporting Files */,
			);
			path = SceneKitRope;
			sourceTree = "<group>";
		};
		BADB40EC1ADB133A00B6748A /* Supporting Files */ = {
			isa = PBXGroup;
			children = (
				BADB40ED1ADB133A00B6748A /* Info.plist */,
				BADB40EE1ADB133A00B6748A /* main.m */,
			);
			name = "Supporting Files";
			sourceTree = "<group>";
		};
		BADB41071ADB133B00B6748A /* SceneKitRopeTests */ = {
			isa = PBXGroup;
			children = (
				BADB410A1ADB133B00B6748A /* SceneKitRopeTests.m */,
				BADB41081ADB133B00B6748A /* Supporting Files */,
			);
			path = SceneKitRopeTests;
			sourceTree = "<group>";
		};
		BADB41081ADB133B00B6748A /* Supporting Files */ = {
			isa = PBXGroup;
			children = (
				BADB41091ADB133B00B6748A /* Info.plist */,
			);
			name = "Supporting Files";
			sourceTree = "<group>";
		};
/* End PBXGroup section */

/* Begin PBXNativeTarget section */
		BADB40E81ADB133A00B6748A /* SceneKitRope */ = {
			isa = PBXNativeTarget;
			buildConfigurationList = BADB410E1ADB133B00B6748A /* Build configuration list for PBXNativeTarget "SceneKitRope" */;
			buildPhases = (
				BADB40E51ADB133A00B6748A /* Sources */,
				BADB40E61ADB133A00B6748A /* Frameworks */,
				BADB40E71ADB133A00B6748A /* Resources */,
			);
			buildRules = (
			);
			dependencies = (
			);
			name = SceneKitRope;
			productName = SceneKitRope;
			productReference = BADB40E91ADB133A00B6748A /* SceneKitRope.app */;
			productType = "com.apple.product-type.application";
		};
		BADB41031ADB133B00B6748A /* SceneKitRopeTests */ = {
			isa = PBXNativeTarget;
			buildConfigurationList = BADB41111ADB133B00B6748A /* Build configuration list for PBXNativeTarget "SceneKitRopeTests" */;
			buildPhases = (
				BADB41001ADB133B00B6748A /* Sources */,
				BADB41011ADB133B00B6748A /* Frameworks */,
				BADB41021ADB133B00B6748A /* Resources */,
			);
			buildRules = (
			);
			dependencies = (
				BADB41061ADB133B00B6748A /* PBXTargetDependency */,
			);
			name = SceneKitRopeTests;
			productName = SceneKitRopeTests;
			productReference = BADB41041ADB133B00B6748A /* SceneKitRopeTests.xctest */;
			productType = "com.apple.product-type.bundle.unit-test";
		};
/* End PBXNativeTarget section */

/* Begin PBXProject section */
		BADB40E11ADB133A00B6748A /* Project object */ = {
			isa = PBXProject;
			attributes = {
				LastUpgradeCheck = 0630;
				ORGANIZATIONNAME = "Michael Hill";
				TargetAttributes = {
					BADB40E81ADB133A00B6748A = {
						CreatedOnToolsVersion = 6.3;
					};
					BADB41031ADB133B00B6748A = {
						CreatedOnToolsVersion = 6.3;
						TestTargetID = BADB40E81ADB133A00B6748A;
					};
				};
			};
			buildConfigurationList = BADB40E41ADB133A00B6748A /* Build configuration list for PBXProject "SceneKitRope" */;
			compatibilityVersion = "Xcode 3.2";
			developmentRegion = English;
			hasScannedForEncodings = 0;
			knownRegions = (
				en,
				Base,
			);
			mainGroup = BADB40E01ADB133A00B6748A;
			productRefGroup = BADB40EA1ADB133A00B6748A /* Products */;
			projectDirPath = "";
			projectRoot = "";
			targets = (
				BADB40E81ADB133A00B6748A /* SceneKitRope */,
				BADB41031ADB133B00B6748A /* SceneKitRopeTests */,
			);
		};
/* End PBXProject section */

/* Begin PBXResourcesBuildPhase section */
		BADB40E71ADB133A00B6748A /* Resources */ = {
			isa = PBXResourcesBuildPhase;
			buildActionMask = 2147483647;
			files = (
				BADB40FF1ADB133A00B6748A /* LaunchScreen.xib in Resources */,
				BADB40FC1ADB133A00B6748A /* Images.xcassets in Resources */,
				BADB40F41ADB133A00B6748A /* art.scnassets in Resources */,
				BADB40FA1ADB133A00B6748A /* Main.storyboard in Resources */,
			);
			runOnlyForDeploymentPostprocessing = 0;
		};
		BADB41021ADB133B00B6748A /* Resources */ = {
			isa = PBXResourcesBuildPhase;
			buildActionMask = 2147483647;
			files = (
			);
			runOnlyForDeploymentPostprocessing = 0;
		};
/* End PBXResourcesBuildPhase section */

/* Begin PBXSourcesBuildPhase section */
		BADB40E51ADB133A00B6748A /* Sources */ = {
			isa = PBXSourcesBuildPhase;
			buildActionMask = 2147483647;
			files = (
				BADB40F21ADB133A00B6748A /* AppDelegate.m in Sources */,
				BADB40F71ADB133A00B6748A /* GameViewController.m in Sources */,
				BADB41161ADB135600B6748A /* ALRope.m in Sources */,
				BADB40EF1ADB133A00B6748A /* main.m in Sources */,
			);
			runOnlyForDeploymentPostprocessing = 0;
		};
		BADB41001ADB133B00B6748A /* Sources */ = {
			isa = PBXSourcesBuildPhase;
			buildActionMask = 2147483647;
			files = (
				BADB410B1ADB133B00B6748A /* SceneKitRopeTests.m in Sources */,
			);
			runOnlyForDeploymentPostprocessing = 0;
		};
/* End PBXSourcesBuildPhase section */

/* Begin PBXTargetDependency section */
		BADB41061ADB133B00B6748A /* PBXTargetDependency */ = {
			isa = PBXTargetDependency;
			target = BADB40E81ADB133A00B6748A /* SceneKitRope */;
			targetProxy = BADB41051ADB133B00B6748A /* PBXContainerItemProxy */;
		};
/* End PBXTargetDependency section */

/* Begin PBXVariantGroup section */
		BADB40F81ADB133A00B6748A /* Main.storyboard */ = {
			isa = PBXVariantGroup;
			children = (
				BADB40F91ADB133A00B6748A /* Base */,
			);
			name = Main.storyboard;
			sourceTree = "<group>";
		};
		BADB40FD1ADB133A00B6748A /* LaunchScreen.xib */ = {
			isa = PBXVariantGroup;
			children = (
				BADB40FE1ADB133A00B6748A /* Base */,
			);
			name = LaunchScreen.xib;
			sourceTree = "<group>";
		};
/* End PBXVariantGroup section */

/* Begin XCBuildConfiguration section */
		BADB410C1ADB133B00B6748A /* Debug */ = {
			isa = XCBuildConfiguration;
			buildSettings = {
				ALWAYS_SEARCH_USER_PATHS = NO;
				CLANG_CXX_LANGUAGE_STANDARD = "gnu++0x";
				CLANG_CXX_LIBRARY = "libc++";
				CLANG_ENABLE_MODULES = YES;
				CLANG_ENABLE_OBJC_ARC = YES;
				CLANG_WARN_BOOL_CONVERSION = YES;
				CLANG_WARN_CONSTANT_CONVERSION = YES;
				CLANG_WARN_DIRECT_OBJC_ISA_USAGE = YES_ERROR;
				CLANG_WARN_EMPTY_BODY = YES;
				CLANG_WARN_ENUM_CONVERSION = YES;
				CLANG_WARN_INT_CONVERSION = YES;
				CLANG_WARN_OBJC_ROOT_CLASS = YES_ERROR;
				CLANG_WARN_UNREACHABLE_CODE = YES;
				CLANG_WARN__DUPLICATE_METHOD_MATCH = YES;
				"CODE_SIGN_IDENTITY[sdk=iphoneos*]" = "iPhone Developer";
				COPY_PHASE_STRIP = NO;
				DEBUG_INFORMATION_FORMAT = "dwarf-with-dsym";
				ENABLE_STRICT_OBJC_MSGSEND = YES;
				GCC_C_LANGUAGE_STANDARD = gnu99;
				GCC_DYNAMIC_NO_PIC = NO;
				GCC_NO_COMMON_BLOCKS = YES;
				GCC_OPTIMIZATION_LEVEL = 0;
				GCC_PREPROCESSOR_DEFINITIONS = (
					"DEBUG=1",
					"$(inherited)",
				);
				GCC_SYMBOLS_PRIVATE_EXTERN = NO;
				GCC_WARN_64_TO_32_BIT_CONVERSION = YES;
				GCC_WARN_ABOUT_RETURN_TYPE = YES_ERROR;
				GCC_WARN_UNDECLARED_SELECTOR = YES;
				GCC_WARN_UNINITIALIZED_AUTOS = YES_AGGRESSIVE;
				GCC_WARN_UNUSED_FUNCTION = YES;
				GCC_WARN_UNUSED_VARIABLE = YES;
				IPHONEOS_DEPLOYMENT_TARGET = 8.3;
				MTL_ENABLE_DEBUG_INFO = YES;
				ONLY_ACTIVE_ARCH = YES;
				SDKROOT = iphoneos;
				TARGETED_DEVICE_FAMILY = "1,2";
			};
			name = Debug;
		};
		BADB410D1ADB133B00B6748A /* Release */ = {
			isa = XCBuildConfiguration;
			buildSettings = {
				ALWAYS_SEARCH_USER_PATHS = NO;
				CLANG_CXX_LANGUAGE_STANDARD = "gnu++0x";
				CLANG_CXX_LIBRARY = "libc++";
				CLANG_ENABLE_MODULES = YES;
				CLANG_ENABLE_OBJC_ARC = YES;
				CLANG_WARN_BOOL_CONVERSION = YES;
				CLANG_WARN_CONSTANT_CONVERSION = YES;
				CLANG_WARN_DIRECT_OBJC_ISA_USAGE = YES_ERROR;
				CLANG_WARN_EMPTY_BODY = YES;
				CLANG_WARN_ENUM_CONVERSION = YES;
				CLANG_WARN_INT_CONVERSION = YES;
				CLANG_WARN_OBJC_ROOT_CLASS = YES_ERROR;
				CLANG_WARN_UNREACHABLE_CODE = YES;
				CLANG_WARN__DUPLICATE_METHOD_MATCH = YES;
				"CODE_SIGN_IDENTITY[sdk=iphoneos*]" = "iPhone Developer";
				COPY_PHASE_STRIP = NO;
				DEBUG_INFORMATION_FORMAT = "dwarf-with-dsym";
				ENABLE_NS_ASSERTIONS = NO;
				ENABLE_STRICT_OBJC_MSGSEND = YES;
				GCC_C_LANGUAGE_STANDARD = gnu99;
				GCC_NO_COMMON_BLOCKS = YES;
				GCC_WARN_64_TO_32_BIT_CONVERSION = YES;
				GCC_WARN_ABOUT_RETURN_TYPE = YES_ERROR;
				GCC_WARN_UNDECLARED_SELECTOR = YES;
				GCC_WARN_UNINITIALIZED_AUTOS = YES_AGGRESSIVE;
				GCC_WARN_UNUSED_FUNCTION = YES;
				GCC_WARN_UNUSED_VARIABLE = YES;
				IPHONEOS_DEPLOYMENT_TARGET = 8.3;
				MTL_ENABLE_DEBUG_INFO = NO;
				SDKROOT = iphoneos;
				TARGETED_DEVICE_FAMILY = "1,2";
				VALIDATE_PRODUCT = YES;
			};
			name = Release;
		};
		BADB410F1ADB133B00B6748A /* Debug */ = {
			isa = XCBuildConfiguration;
			buildSettings = {
				ASSETCATALOG_COMPILER_APPICON_NAME = AppIcon;
				INFOPLIST_FILE = SceneKitRope/Info.plist;
				LD_RUNPATH_SEARCH_PATHS = "$(inherited) @executable_path/Frameworks";
				PRODUCT_NAME = "$(TARGET_NAME)";
			};
			name = Debug;
		};
		BADB41101ADB133B00B6748A /* Release */ = {
			isa = XCBuildConfiguration;
			buildSettings = {
				ASSETCATALOG_COMPILER_APPICON_NAME = AppIcon;
				INFOPLIST_FILE = SceneKitRope/Info.plist;
				LD_RUNPATH_SEARCH_PATHS = "$(inherited) @executable_path/Frameworks";
				PRODUCT_NAME = "$(TARGET_NAME)";
			};
			name = Release;
		};
		BADB41121ADB133B00B6748A /* Debug */ = {
			isa = XCBuildConfiguration;
			buildSettings = {
				BUNDLE_LOADER = "$(TEST_HOST)";
				FRAMEWORK_SEARCH_PATHS = (
					"$(SDKROOT)/Developer/Library/Frameworks",
					"$(inherited)",
				);
				GCC_PREPROCESSOR_DEFINITIONS = (
					"DEBUG=1",
					"$(inherited)",
				);
				INFOPLIST_FILE = SceneKitRopeTests/Info.plist;
				LD_RUNPATH_SEARCH_PATHS = "$(inherited) @executable_path/Frameworks @loader_path/Frameworks";
				PRODUCT_NAME = "$(TARGET_NAME)";
				TEST_HOST = "$(BUILT_PRODUCTS_DIR)/SceneKitRope.app/SceneKitRope";
			};
			name = Debug;
		};
		BADB41131ADB133B00B6748A /* Release */ = {
			isa = XCBuildConfiguration;
			buildSettings = {
				BUNDLE_LOADER = "$(TEST_HOST)";
				FRAMEWORK_SEARCH_PATHS = (
					"$(SDKROOT)/Developer/Library/Frameworks",
					"$(inherited)",
				);
				INFOPLIST_FILE = SceneKitRopeTests/Info.plist;
				LD_RUNPATH_SEARCH_PATHS = "$(inherited) @executable_path/Frameworks @loader_path/Frameworks";
				PRODUCT_NAME = "$(TARGET_NAME)";
				TEST_HOST = "$(BUILT_PRODUCTS_DIR)/SceneKitRope.app/SceneKitRope";
			};
			name = Release;
		};
/* End XCBuildConfiguration section */

/* Begin XCConfigurationList section */
		BADB40E41ADB133A00B6748A /* Build configuration list for PBXProject "SceneKitRope" */ = {
			isa = XCConfigurationList;
			buildConfigurations = (
				BADB410C1ADB133B00B6748A /* Debug */,
				BADB410D1ADB133B00B6748A /* Release */,
			);
			defaultConfigurationIsVisible = 0;
			defaultConfigurationName = Release;
		};
		BADB410E1ADB133B00B6748A /* Build configuration list for PBXNativeTarget "SceneKitRope" */ = {
			isa = XCConfigurationList;
			buildConfigurations = (
				BADB410F1ADB133B00B6748A /* Debug */,
				BADB41101ADB133B00B6748A /* Release */,
			);
			defaultConfigurationIsVisible = 0;
		};
		BADB41111ADB133B00B6748A /* Build configuration list for PBXNativeTarget "SceneKitRopeTests" */ = {
			isa = XCConfigurationList;
			buildConfigurations = (
				BADB41121ADB133B00B6748A /* Debug */,
				BADB41131ADB133B00B6748A /* Release */,
			);
			defaultConfigurationIsVisible = 0;
		};
/* End XCConfigurationList section */
	};
	rootObject = BADB40E11ADB133A00B6748A /* Project object */;
}
